
Microsoft Visual Studio Solution File, Format Version 12.00
# Visual Studio Version 16
VisualStudioVersion = 16.0.28721.148
MinimumVisualStudioVersion = 10.0.40219.1
Project("{2150E333-8FDC-42A3-9474-1A3956D46DE8}") = "Solution Items", "Solution Items", "{4FEAFE79-256F-4426-BF6A-7D5EC0501D90}"
	ProjectSection(SolutionItems) = preProject
		.gitignore = .gitignore
		Build-Packages.ps1 = Build-Packages.ps1
		C:\Users\Tim\source\repos\TA.DigitalDomeworks\GitVersion.yml = C:\Users\Tim\source\repos\TA.DigitalDomeworks\GitVersion.yml
		License.md = License.md
		NuGet.Config = NuGet.Config
		Push-Packages.ps1 = Push-Packages.ps1
		ReadMe.md = ReadMe.md
	EndProjectSection
EndProject
Project("{9A19103F-16F7-4668-BE54-9A1E7A4F7556}") = "TA.Ascom.ReactiveCommunications", "TA.Ascom.ReactiveCommunications\TA.Ascom.ReactiveCommunications.csproj", "{B8B5A523-93A8-482D-A6F8-DBB4BF81D916}"
EndProject
Project("{9A19103F-16F7-4668-BE54-9A1E7A4F7556}") = "TA.Ascom.ReactiveCommunications.Sample.ConsoleApp", "TA.Ascom.ReactiveCommunications.Sample.ConsoleApp\TA.Ascom.ReactiveCommunications.Sample.ConsoleApp.csproj", "{4316BF0C-D705-44EF-9E61-6D36D10AC6C8}"
EndProject
Project("{2150E333-8FDC-42A3-9474-1A3956D46DE8}") = "Assets", "Assets", "{2F2972C0-CD87-467A-8D5B-65D5F02E7C37}"
EndProject
Project("{2150E333-8FDC-42A3-9474-1A3956D46DE8}") = "Images", "Images", "{6FCDDEA6-60DA-4C51-BF60-0B44306749BA}"
EndProject
Project("{9A19103F-16F7-4668-BE54-9A1E7A4F7556}") = "TA.Ascom.ReactiveCommunications.Specifications", "TA.Ascom.ReactiveCommunications.Specifications\TA.Ascom.ReactiveCommunications.Specifications.csproj", "{3DFF1A84-50A9-41FD-926F-F63D64C097EF}"
EndProject
Global
	GlobalSection(SolutionConfigurationPlatforms) = preSolution
		Debug|Any CPU = Debug|Any CPU
		Release|Any CPU = Release|Any CPU
	EndGlobalSection
	GlobalSection(ProjectConfigurationPlatforms) = postSolution
		{B8B5A523-93A8-482D-A6F8-DBB4BF81D916}.Debug|Any CPU.ActiveCfg = Debug|Any CPU
		{B8B5A523-93A8-482D-A6F8-DBB4BF81D916}.Debug|Any CPU.Build.0 = Debug|Any CPU
		{B8B5A523-93A8-482D-A6F8-DBB4BF81D916}.Release|Any CPU.ActiveCfg = Release|Any CPU
		{B8B5A523-93A8-482D-A6F8-DBB4BF81D916}.Release|Any CPU.Build.0 = Release|Any CPU
		{4316BF0C-D705-44EF-9E61-6D36D10AC6C8}.Debug|Any CPU.ActiveCfg = Debug|Any CPU
		{4316BF0C-D705-44EF-9E61-6D36D10AC6C8}.Debug|Any CPU.Build.0 = Debug|Any CPU
		{4316BF0C-D705-44EF-9E61-6D36D10AC6C8}.Release|Any CPU.ActiveCfg = Release|Any CPU
		{4316BF0C-D705-44EF-9E61-6D36D10AC6C8}.Release|Any CPU.Build.0 = Release|Any CPU
		{3DFF1A84-50A9-41FD-926F-F63D64C097EF}.Debug|Any CPU.ActiveCfg = Debug|Any CPU
		{3DFF1A84-50A9-41FD-926F-F63D64C097EF}.Debug|Any CPU.Build.0 = Debug|Any CPU
		{3DFF1A84-50A9-41FD-926F-F63D64C097EF}.Release|Any CPU.ActiveCfg = Release|Any CPU
		{3DFF1A84-50A9-41FD-926F-F63D64C097EF}.Release|Any CPU.Build.0 = Release|Any CPU
	EndGlobalSection
	GlobalSection(SolutionProperties) = preSolution
		HideSolutionNode = FALSE
	EndGlobalSection
	GlobalSection(NestedProjects) = preSolution
		{6FCDDEA6-60DA-4C51-BF60-0B44306749BA} = {2F2972C0-CD87-467A-8D5B-65D5F02E7C37}
	EndGlobalSection
	GlobalSection(ExtensibilityGlobals) = postSolution
		SolutionGuid = {DEEC5AE1-2FB1-48C0-84AE-1ED406320765}
	EndGlobalSection
EndGlobal
